PODS:
  - Alamofire (4.5.1)
  - ChameleonFramework (2.1.0):
    - ChameleonFramework/Default (= 2.1.0)
  - ChameleonFramework/Default (2.1.0)
  - DZNEmptyDataSet (1.8.1)
  - Kingfisher (4.0.1)
  - KMNavigationBarTransition (1.0.0)
  - Macaw (0.9.0):
    - SWXMLHash
  - MBProgressHUD (1.0.0)
  - MJExtension (3.0.13)
  - MJRefresh (3.1.12)
  - MMTransition (1.1.2)
  - PgyUpdate (1.5)
  - pop (1.0.10)
  - PromiseKit (4.4.0):
    - PromiseKit/Foundation (= 4.4.0)
    - PromiseKit/QuartzCore (= 4.4.0)
    - PromiseKit/UIKit (= 4.4.0)
  - PromiseKit/CorePromise (4.4.0)
  - PromiseKit/Foundation (4.4.0):
    - PromiseKit/CorePromise
  - PromiseKit/QuartzCore (4.4.0):
    - PromiseKit/CorePromise
  - PromiseKit/UIKit (4.4.0):
    - PromiseKit/CorePromise
  - ReachabilitySwift (4.0-beta2)
  - SnapKit (4.0.0)
  - SwiftDate (4.4.1)
  - SwiftyJSON (4.0.0-alpha.1)
  - SWXMLHash (4.2.1)

DEPENDENCIES:
  - Alamofire (~> 4.5.1)
  - ChameleonFramework
  - DZNEmptyDataSet
  - Kingfisher (~> 4.0.1)
  - KMNavigationBarTransition
  - Macaw (= 0.9.0)
  - MBProgressHUD (~> 1.0.0)
  - MJExtension (~> 3.0.13)
  - MJRefresh (~> 3.1.12)
  - MMTransition
  - PgyUpdate
  - pop (~> 1.0.10)
  - PromiseKit
  - ReachabilitySwift (~> 4.0-beta2)
  - SnapKit (~> 4.0.0)
  - SwiftDate (~> 4.4.1)
  - SwiftyJSON (~> 4.0.0-alpha.1)

SPEC CHECKSUMS:
  Alamofire: 2d95912bf4c34f164fdfc335872e8c312acaea4a
  ChameleonFramework: d21a3cc247abfe5e37609a283a8238b03575cf64
  DZNEmptyDataSet: 9525833b9e68ac21c30253e1d3d7076cc828eaa7
  Kingfisher: b771785e9461ed4b8686d40e7145f9e58100cb24
  KMNavigationBarTransition: b3fb8337f7a1e4542add07fd6c45fb9980794d59
  Macaw: 6337ed621a73df10522eaab17f45c1ae0b753dc0
  MBProgressHUD: 4890f671c94e8a0f3cf959aa731e9de2f036d71a
  MJExtension: 5932755f451458eefa24239358817f8d291240c7
  MJRefresh: b96cdb21c4aa75a7b07654311ab2f315c497e806
  MMTransition: 1c0c6ee02b3f6f4663856d3db368f215cca7d855
  PgyUpdate: bad71685b91bba4aa520b7fe29356a476700fdf2
  pop: 82ca6b068ce9278fd350fd9dd09482a0ce9492e6
  PromiseKit: ecf5fe92275d57ee77c9ede858af47a162e9b97e
  ReachabilitySwift: d2e9cf75db8b2140bef42db5dafc6269d46cc137
  SnapKit: a42d492c16e80209130a3379f73596c3454b7694
  SwiftDate: a70a534d4feed03b2a2b575e36bef82dc2286a8d
  SwiftyJSON: dc88934f85fb50b263b1632b9cbad3402505783e
  SWXMLHash: a4e70d15b73f825ce7b2f4ecb3dc1a3a4ff1cfb9

PODFILE CHECKSUM: 9f3ff7727231821e80d4cdeb3743d5b0612e09cc

COCOAPODS: 1.3.1
